
Microsoft Visual Studio Solution File, Format Version 12.00
# Visual Studio 15
VisualStudioVersion = 15.0.28010.2041
MinimumVisualStudioVersion = 10.0.40219.1
Project("{FAE04EC0-301F-11D3-BF4B-00C04F79EFBC}") = "LinkLinstGen", "LinkLinstGen\LinkLinstGen.csproj", "{69D48CF0-C764-41CF-856C-906978179181}"
EndProject
Global
	GlobalSection(SolutionConfigurationPlatforms) = preSolution
		Debug|Any CPU = Debug|Any CPU
		Release|Any CPU = Release|Any CPU
	EndGlobalSection
	GlobalSection(ProjectConfigurationPlatforms) = postSolution
		{69D48CF0-C764-41CF-856C-906978179181}.Debug|Any CPU.ActiveCfg = Debug|Any CPU
		{69D48CF0-C764-41CF-856C-906978179181}.Debug|Any CPU.Build.0 = Debug|Any CPU
		{69D48CF0-C764-41CF-856C-906978179181}.Release|Any CPU.ActiveCfg = Release|Any CPU
		{69D48CF0-C764-41CF-856C-906978179181}.Release|Any CPU.Build.0 = Release|Any CPU
	EndGlobalSection
	GlobalSection(SolutionProperties) = preSolution
		HideSolutionNode = FALSE
	EndGlobalSection
	GlobalSection(ExtensibilityGlobals) = postSolution
		SolutionGuid = {FDAD8289-C023-479B-9AAA-FBEC345EB229}
	EndGlobalSection
EndGlobal
