
Microsoft Visual Studio Solution File, Format Version 12.00
# Visual Studio 15
VisualStudioVersion = 15.0.28010.2041
MinimumVisualStudioVersion = 10.0.40219.1
Project("{FAE04EC0-301F-11D3-BF4B-00C04F79EFBC}") = "Sorting2", "Sorting2\Sorting2.csproj", "{9A850320-4EC7-4B78-A3D3-19C8202C6852}"
EndProject
Global
	GlobalSection(SolutionConfigurationPlatforms) = preSolution
		Debug|Any CPU = Debug|Any CPU
		Release|Any CPU = Release|Any CPU
	EndGlobalSection
	GlobalSection(ProjectConfigurationPlatforms) = postSolution
		{9A850320-4EC7-4B78-A3D3-19C8202C6852}.Debug|Any CPU.ActiveCfg = Debug|Any CPU
		{9A850320-4EC7-4B78-A3D3-19C8202C6852}.Debug|Any CPU.Build.0 = Debug|Any CPU
		{9A850320-4EC7-4B78-A3D3-19C8202C6852}.Release|Any CPU.ActiveCfg = Release|Any CPU
		{9A850320-4EC7-4B78-A3D3-19C8202C6852}.Release|Any CPU.Build.0 = Release|Any CPU
	EndGlobalSection
	GlobalSection(SolutionProperties) = preSolution
		HideSolutionNode = FALSE
	EndGlobalSection
	GlobalSection(ExtensibilityGlobals) = postSolution
		SolutionGuid = {3BF11EA8-73CB-423E-B730-F79153D35B50}
	EndGlobalSection
EndGlobal
