
Microsoft Visual Studio Solution File, Format Version 12.00
# Visual Studio 15
VisualStudioVersion = 15.0.28010.2041
MinimumVisualStudioVersion = 10.0.40219.1
Project("{FAE04EC0-301F-11D3-BF4B-00C04F79EFBC}") = "Libray", "Libray\Libray.csproj", "{BAFC9C57-B8BD-44CF-A23F-5059ABCEF9DF}"
EndProject
Global
	GlobalSection(SolutionConfigurationPlatforms) = preSolution
		Debug|Any CPU = Debug|Any CPU
		Release|Any CPU = Release|Any CPU
	EndGlobalSection
	GlobalSection(ProjectConfigurationPlatforms) = postSolution
		{BAFC9C57-B8BD-44CF-A23F-5059ABCEF9DF}.Debug|Any CPU.ActiveCfg = Debug|Any CPU
		{BAFC9C57-B8BD-44CF-A23F-5059ABCEF9DF}.Debug|Any CPU.Build.0 = Debug|Any CPU
		{BAFC9C57-B8BD-44CF-A23F-5059ABCEF9DF}.Release|Any CPU.ActiveCfg = Release|Any CPU
		{BAFC9C57-B8BD-44CF-A23F-5059ABCEF9DF}.Release|Any CPU.Build.0 = Release|Any CPU
	EndGlobalSection
	GlobalSection(SolutionProperties) = preSolution
		HideSolutionNode = FALSE
	EndGlobalSection
	GlobalSection(ExtensibilityGlobals) = postSolution
		SolutionGuid = {1C50DA46-6F96-42EF-9916-D803B0792B64}
	EndGlobalSection
EndGlobal
